{
  "name": "freetrade-universe-web",
  "version": "1.0.0",
  "lockfileVersion": 1,
  "requires": true,
  "dependencies": {
    "jquery": {
      "version": "3.5.1",
      "resolved": "https://registry.npmjs.org/jquery/-/jquery-3.5.1.tgz",
      "integrity": "sha512-XwIBPqcMn57FxfT+Go5pzySnm4KWkT1Tv7gjrpT1srtf8Weynl6R273VJ5GjkRb51IzMp5nbaPjJXMWeju2MKg=="
    },
    "uikit": {
      "version": "3.5.4",
      "resolved": "https://registry.npmjs.org/uikit/-/uikit-3.5.4.tgz",
      "integrity": "sha512-5alqUOBUVrkbc/7NH/G3LB6iCHDaknA2ZFDa8FKh/s+ieexDGK6FLQQjxAvRTIO6EdL+/irBxe85+BKI1B8okw=="
    }
  }
}
